
Microsoft Visual Studio Solution File, Format Version 12.00
# Visual Studio 14
VisualStudioVersion = 14.0.24720.0
MinimumVisualStudioVersion = 10.0.40219.1
Project("{FAE04EC0-301F-11D3-BF4B-00C04F79EFBC}") = "Lab487Mod7Cliente", "Lab487Mod7Cliente\Lab487Mod7Cliente.csproj", "{88626704-8B7B-43D6-A1D6-FE600B27C1BD}"
EndProject
Global
	GlobalSection(SolutionConfigurationPlatforms) = preSolution
		Debug|Any CPU = Debug|Any CPU
		Release|Any CPU = Release|Any CPU
	EndGlobalSection
	GlobalSection(ProjectConfigurationPlatforms) = postSolution
		{88626704-8B7B-43D6-A1D6-FE600B27C1BD}.Debug|Any CPU.ActiveCfg = Debug|Any CPU
		{88626704-8B7B-43D6-A1D6-FE600B27C1BD}.Debug|Any CPU.Build.0 = Debug|Any CPU
		{88626704-8B7B-43D6-A1D6-FE600B27C1BD}.Release|Any CPU.ActiveCfg = Release|Any CPU
		{88626704-8B7B-43D6-A1D6-FE600B27C1BD}.Release|Any CPU.Build.0 = Release|Any CPU
	EndGlobalSection
	GlobalSection(SolutionProperties) = preSolution
		HideSolutionNode = FALSE
	EndGlobalSection
EndGlobal
